
Microsoft Visual Studio Solution File, Format Version 12.00
# Visual Studio Version 17
VisualStudioVersion = 17.7.34221.43
MinimumVisualStudioVersion = 10.0.40219.1
Project("{FAE04EC0-301F-11D3-BF4B-00C04F79EFBC}") = "Panel", "bookProject\Panel.csproj", "{A14CCE40-5C4E-4F52-882E-7F05F8241423}"
EndProject
Project("{FAE04EC0-301F-11D3-BF4B-00C04F79EFBC}") = "ClassLibrary", "ClassLibrary\ClassLibrary.csproj", "{1AB14A74-9335-48F5-B9B5-89EE14C91537}"
EndProject
Project("{FAE04EC0-301F-11D3-BF4B-00C04F79EFBC}") = "Site", "Site\Site.csproj", "{F6F3F8D1-0081-4161-86DC-1E802431B77B}"
EndProject
Global
	GlobalSection(SolutionConfigurationPlatforms) = preSolution
		Debug|Any CPU = Debug|Any CPU
		Release|Any CPU = Release|Any CPU
	EndGlobalSection
	GlobalSection(ProjectConfigurationPlatforms) = postSolution
		{A14CCE40-5C4E-4F52-882E-7F05F8241423}.Debug|Any CPU.ActiveCfg = Debug|Any CPU
		{A14CCE40-5C4E-4F52-882E-7F05F8241423}.Debug|Any CPU.Build.0 = Debug|Any CPU
		{A14CCE40-5C4E-4F52-882E-7F05F8241423}.Release|Any CPU.ActiveCfg = Release|Any CPU
		{A14CCE40-5C4E-4F52-882E-7F05F8241423}.Release|Any CPU.Build.0 = Release|Any CPU
		{1AB14A74-9335-48F5-B9B5-89EE14C91537}.Debug|Any CPU.ActiveCfg = Debug|Any CPU
		{1AB14A74-9335-48F5-B9B5-89EE14C91537}.Debug|Any CPU.Build.0 = Debug|Any CPU
		{1AB14A74-9335-48F5-B9B5-89EE14C91537}.Release|Any CPU.ActiveCfg = Release|Any CPU
		{1AB14A74-9335-48F5-B9B5-89EE14C91537}.Release|Any CPU.Build.0 = Release|Any CPU
		{F6F3F8D1-0081-4161-86DC-1E802431B77B}.Debug|Any CPU.ActiveCfg = Debug|Any CPU
		{F6F3F8D1-0081-4161-86DC-1E802431B77B}.Debug|Any CPU.Build.0 = Debug|Any CPU
		{F6F3F8D1-0081-4161-86DC-1E802431B77B}.Release|Any CPU.ActiveCfg = Release|Any CPU
		{F6F3F8D1-0081-4161-86DC-1E802431B77B}.Release|Any CPU.Build.0 = Release|Any CPU
	EndGlobalSection
	GlobalSection(SolutionProperties) = preSolution
		HideSolutionNode = FALSE
	EndGlobalSection
	GlobalSection(ExtensibilityGlobals) = postSolution
		SolutionGuid = {EAC9F30B-1373-4A8F-B50C-D469E63379EA}
	EndGlobalSection
EndGlobal
